
Microsoft Visual Studio Solution File, Format Version 12.00
# Visual Studio 2013
VisualStudioVersion = 12.0.30723.0
MinimumVisualStudioVersion = 10.0.40219.1
Project("{FAE04EC0-301F-11D3-BF4B-00C04F79EFBC}") = "Rikrop.Core.Exceptions", "Rikrop.Core.Exceptions\Rikrop.Core.Exceptions.csproj", "{57503E1F-0D8A-49C6-A925-F1422FF5A9FF}"
EndProject
Project("{2150E333-8FDC-42A3-9474-1A3956D46DE8}") = ".nuget", ".nuget", "{10DB67C5-0DDC-49DB-A272-CE33920EDE21}"
	ProjectSection(SolutionItems) = preProject
		.nuget\NuGet.Config = .nuget\NuGet.Config
		.nuget\NuGet.exe = .nuget\NuGet.exe
		.nuget\NuGet.targets = .nuget\NuGet.targets
	EndProjectSection
EndProject
Project("{FAE04EC0-301F-11D3-BF4B-00C04F79EFBC}") = "Rikrop.Core.Exceptions40", "Rikrop.Core.Exceptions40\Rikrop.Core.Exceptions40.csproj", "{0A7324FE-07BD-40EC-A73A-FFCEAC308B2E}"
EndProject
Global
	GlobalSection(SolutionConfigurationPlatforms) = preSolution
		Debug|Any CPU = Debug|Any CPU
		Release|Any CPU = Release|Any CPU
	EndGlobalSection
	GlobalSection(ProjectConfigurationPlatforms) = postSolution
		{57503E1F-0D8A-49C6-A925-F1422FF5A9FF}.Debug|Any CPU.ActiveCfg = Debug|Any CPU
		{57503E1F-0D8A-49C6-A925-F1422FF5A9FF}.Debug|Any CPU.Build.0 = Debug|Any CPU
		{57503E1F-0D8A-49C6-A925-F1422FF5A9FF}.Release|Any CPU.ActiveCfg = Release|Any CPU
		{57503E1F-0D8A-49C6-A925-F1422FF5A9FF}.Release|Any CPU.Build.0 = Release|Any CPU
		{0A7324FE-07BD-40EC-A73A-FFCEAC308B2E}.Debug|Any CPU.ActiveCfg = Debug|Any CPU
		{0A7324FE-07BD-40EC-A73A-FFCEAC308B2E}.Debug|Any CPU.Build.0 = Debug|Any CPU
		{0A7324FE-07BD-40EC-A73A-FFCEAC308B2E}.Release|Any CPU.ActiveCfg = Release|Any CPU
		{0A7324FE-07BD-40EC-A73A-FFCEAC308B2E}.Release|Any CPU.Build.0 = Release|Any CPU
	EndGlobalSection
	GlobalSection(SolutionProperties) = preSolution
		HideSolutionNode = FALSE
	EndGlobalSection
EndGlobal
